
Microsoft Visual Studio Solution File, Format Version 12.00
# Visual Studio Version 16
VisualStudioVersion = 16.0.31402.337
MinimumVisualStudioVersion = 10.0.40219.1
Project("{FAE04EC0-301F-11D3-BF4B-00C04F79EFBC}") = "WpfApp8", "WpfApp8\WpfApp8.csproj", "{F89238AA-7648-4FEE-9B6B-79FCE3FC1129}"
EndProject
Global
	GlobalSection(SolutionConfigurationPlatforms) = preSolution
		Debug|Any CPU = Debug|Any CPU
		Release|Any CPU = Release|Any CPU
	EndGlobalSection
	GlobalSection(ProjectConfigurationPlatforms) = postSolution
		{F89238AA-7648-4FEE-9B6B-79FCE3FC1129}.Debug|Any CPU.ActiveCfg = Debug|Any CPU
		{F89238AA-7648-4FEE-9B6B-79FCE3FC1129}.Debug|Any CPU.Build.0 = Debug|Any CPU
		{F89238AA-7648-4FEE-9B6B-79FCE3FC1129}.Release|Any CPU.ActiveCfg = Release|Any CPU
		{F89238AA-7648-4FEE-9B6B-79FCE3FC1129}.Release|Any CPU.Build.0 = Release|Any CPU
	EndGlobalSection
	GlobalSection(SolutionProperties) = preSolution
		HideSolutionNode = FALSE
	EndGlobalSection
	GlobalSection(ExtensibilityGlobals) = postSolution
		SolutionGuid = {ACE731FB-5972-4F38-9A10-0A83EA765689}
	EndGlobalSection
EndGlobal
