
Microsoft Visual Studio Solution File, Format Version 12.00
# Visual Studio Version 16
VisualStudioVersion = 16.0.31402.337
MinimumVisualStudioVersion = 10.0.40219.1
Project("{FAE04EC0-301F-11D3-BF4B-00C04F79EFBC}") = "WpfApp11", "WpfApp11\WpfApp11.csproj", "{0EB83485-4BC6-4597-BA19-8D416F62588B}"
EndProject
Global
	GlobalSection(SolutionConfigurationPlatforms) = preSolution
		Debug|Any CPU = Debug|Any CPU
		Release|Any CPU = Release|Any CPU
	EndGlobalSection
	GlobalSection(ProjectConfigurationPlatforms) = postSolution
		{0EB83485-4BC6-4597-BA19-8D416F62588B}.Debug|Any CPU.ActiveCfg = Debug|Any CPU
		{0EB83485-4BC6-4597-BA19-8D416F62588B}.Debug|Any CPU.Build.0 = Debug|Any CPU
		{0EB83485-4BC6-4597-BA19-8D416F62588B}.Release|Any CPU.ActiveCfg = Release|Any CPU
		{0EB83485-4BC6-4597-BA19-8D416F62588B}.Release|Any CPU.Build.0 = Release|Any CPU
	EndGlobalSection
	GlobalSection(SolutionProperties) = preSolution
		HideSolutionNode = FALSE
	EndGlobalSection
	GlobalSection(ExtensibilityGlobals) = postSolution
		SolutionGuid = {F27D1884-C30C-4410-B331-B6923857C6B7}
	EndGlobalSection
EndGlobal
