
Microsoft Visual Studio Solution File, Format Version 12.00
# Visual Studio Version 16
VisualStudioVersion = 16.0.31205.134
MinimumVisualStudioVersion = 10.0.40219.1
Project("{FAE04EC0-301F-11D3-BF4B-00C04F79EFBC}") = "WpfApp5", "WpfApp5\WpfApp5.csproj", "{A731DA51-CAD0-4ADD-BFC8-BC58629EFFFC}"
EndProject
Global
	GlobalSection(SolutionConfigurationPlatforms) = preSolution
		Debug|Any CPU = Debug|Any CPU
		Release|Any CPU = Release|Any CPU
	EndGlobalSection
	GlobalSection(ProjectConfigurationPlatforms) = postSolution
		{A731DA51-CAD0-4ADD-BFC8-BC58629EFFFC}.Debug|Any CPU.ActiveCfg = Debug|Any CPU
		{A731DA51-CAD0-4ADD-BFC8-BC58629EFFFC}.Debug|Any CPU.Build.0 = Debug|Any CPU
		{A731DA51-CAD0-4ADD-BFC8-BC58629EFFFC}.Release|Any CPU.ActiveCfg = Release|Any CPU
		{A731DA51-CAD0-4ADD-BFC8-BC58629EFFFC}.Release|Any CPU.Build.0 = Release|Any CPU
	EndGlobalSection
	GlobalSection(SolutionProperties) = preSolution
		HideSolutionNode = FALSE
	EndGlobalSection
	GlobalSection(ExtensibilityGlobals) = postSolution
		SolutionGuid = {BE1348C1-3C2A-4434-8F19-FB3C118F6500}
	EndGlobalSection
EndGlobal
